
Microsoft Visual Studio Solution File, Format Version 12.00
# Visual Studio Version 16
VisualStudioVersion = 16.0.31129.286
MinimumVisualStudioVersion = 10.0.40219.1
Project("{FAE04EC0-301F-11D3-BF4B-00C04F79EFBC}") = "SMS_Project_CRUD_MVC", "SMS_Project_MVC\SMS_Project_CRUD_MVC.csproj", "{30BFBD10-151D-4F32-8AC9-906FF8092F70}"
EndProject
Global
	GlobalSection(SolutionConfigurationPlatforms) = preSolution
		Debug|Any CPU = Debug|Any CPU
		Release|Any CPU = Release|Any CPU
	EndGlobalSection
	GlobalSection(ProjectConfigurationPlatforms) = postSolution
		{30BFBD10-151D-4F32-8AC9-906FF8092F70}.Debug|Any CPU.ActiveCfg = Debug|Any CPU
		{30BFBD10-151D-4F32-8AC9-906FF8092F70}.Debug|Any CPU.Build.0 = Debug|Any CPU
		{30BFBD10-151D-4F32-8AC9-906FF8092F70}.Release|Any CPU.ActiveCfg = Release|Any CPU
		{30BFBD10-151D-4F32-8AC9-906FF8092F70}.Release|Any CPU.Build.0 = Release|Any CPU
	EndGlobalSection
	GlobalSection(SolutionProperties) = preSolution
		HideSolutionNode = FALSE
	EndGlobalSection
	GlobalSection(ExtensibilityGlobals) = postSolution
		SolutionGuid = {648B81BF-7180-44F1-889F-F8A1E77030F4}
	EndGlobalSection
EndGlobal
